
Microsoft Visual Studio Solution File, Format Version 12.00
# Visual Studio 15
Project("{FAE04EC0-301F-11D3-BF4B-00C04F79EFBC}") = "test", "test\test.csproj", "{275ED098-7FDD-455D-8A38-0A1997276321}"
EndProject
Project("{FAE04EC0-301F-11D3-BF4B-00C04F79EFBC}") = "test.Tests", "test.Tests\test.Tests.csproj", "{8CABBE24-1C32-4ADB-AE55-DD8292DA56F1}"
EndProject
Global
	GlobalSection(SolutionConfigurationPlatforms) = preSolution
		Debug|Any CPU = Debug|Any CPU
		Release|Any CPU = Release|Any CPU
	EndGlobalSection
	GlobalSection(ProjectConfigurationPlatforms) = postSolution
		{275ED098-7FDD-455D-8A38-0A1997276321}.Debug|Any CPU.ActiveCfg = Debug|Any CPU
		{275ED098-7FDD-455D-8A38-0A1997276321}.Debug|Any CPU.Build.0 = Debug|Any CPU
		{275ED098-7FDD-455D-8A38-0A1997276321}.Release|Any CPU.ActiveCfg = Release|Any CPU
		{275ED098-7FDD-455D-8A38-0A1997276321}.Release|Any CPU.Build.0 = Release|Any CPU
		{8CABBE24-1C32-4ADB-AE55-DD8292DA56F1}.Debug|Any CPU.ActiveCfg = Debug|Any CPU
		{8CABBE24-1C32-4ADB-AE55-DD8292DA56F1}.Debug|Any CPU.Build.0 = Debug|Any CPU
		{8CABBE24-1C32-4ADB-AE55-DD8292DA56F1}.Release|Any CPU.ActiveCfg = Release|Any CPU
		{8CABBE24-1C32-4ADB-AE55-DD8292DA56F1}.Release|Any CPU.Build.0 = Release|Any CPU
	EndGlobalSection
EndGlobal
